
Microsoft Visual Studio Solution File, Format Version 12.00
# Visual Studio Version 17
VisualStudioVersion = 17.0.31903.59
MinimumVisualStudioVersion = 10.0.40219.1
Project("{2150E333-8FDC-42A3-9474-1A3956D46DE8}") = "src", "src", "{827E0CD3-B72D-47B6-A68D-7590B98EB39B}"
EndProject
Project("{FAE04EC0-301F-11D3-BF4B-00C04F79EFBC}") = "Shared", "src\Shared\Shared.csproj", "{B568C72B-A084-44A1-BDFA-D7249FF03E0F}"
EndProject
Project("{2150E333-8FDC-42A3-9474-1A3956D46DE8}") = "Estoque", "Estoque", "{00B59D96-ED68-C920-9F91-B6B8B1FC5EF2}"
EndProject
Project("{FAE04EC0-301F-11D3-BF4B-00C04F79EFBC}") = "Estoque.Api", "src\Estoque\Estoque.Api\Estoque.Api.csproj", "{AE61AFA4-2596-4119-BCD5-DA2DECF05C25}"
EndProject
Project("{FAE04EC0-301F-11D3-BF4B-00C04F79EFBC}") = "Estoque.Application", "src\Estoque\Estoque.Application\Estoque.Application.csproj", "{D5A3F57E-0C2B-4AD4-9F23-EC2E829DDE98}"
EndProject
Project("{FAE04EC0-301F-11D3-BF4B-00C04F79EFBC}") = "Estoque.Domain", "src\Estoque\Estoque.Domain\Estoque.Domain.csproj", "{17E68511-B65F-481B-B23B-CB42FA34B246}"
EndProject
Project("{FAE04EC0-301F-11D3-BF4B-00C04F79EFBC}") = "Estoque.Infrastructure", "src\Estoque\Estoque.Infrastructure\Estoque.Infrastructure.csproj", "{D670B9AE-C395-4961-9159-0ACBD882B16F}"
EndProject
Project("{FAE04EC0-301F-11D3-BF4B-00C04F79EFBC}") = "Estoque.Tests", "src\Estoque\Estoque.Tests\Estoque.Tests.csproj", "{51E02B6B-7AFA-4E6D-8E3F-0BA96A9A0849}"
EndProject
Project("{2150E333-8FDC-42A3-9474-1A3956D46DE8}") = "Faturamento", "Faturamento", "{AB5423A1-A6B0-9B1F-3B04-E4A88DF9495D}"
EndProject
Project("{FAE04EC0-301F-11D3-BF4B-00C04F79EFBC}") = "Faturamento.Api", "src\Faturamento\Faturamento.Api\Faturamento.Api.csproj", "{65A054F4-4D08-4B75-8638-BEF98B2648BE}"
EndProject
Project("{FAE04EC0-301F-11D3-BF4B-00C04F79EFBC}") = "Faturamento.Application", "src\Faturamento\Faturamento.Application\Faturamento.Application.csproj", "{20C1CC61-AC04-48AC-A178-650925EDBD08}"
EndProject
Project("{FAE04EC0-301F-11D3-BF4B-00C04F79EFBC}") = "Faturamento.Domain", "src\Faturamento\Faturamento.Domain\Faturamento.Domain.csproj", "{6676CC2C-C2FF-4297-9048-97B6EC845701}"
EndProject
Project("{FAE04EC0-301F-11D3-BF4B-00C04F79EFBC}") = "Faturamento.Infrastructure", "src\Faturamento\Faturamento.Infrastructure\Faturamento.Infrastructure.csproj", "{39C921DF-AFF4-4819-BAA3-2C7406104FFC}"
EndProject
Project("{FAE04EC0-301F-11D3-BF4B-00C04F79EFBC}") = "Faturamento.Tests", "src\Faturamento\Faturamento.Tests\Faturamento.Tests.csproj", "{3A71BB7B-DB15-41D8-91C2-6353BC263AB5}"
EndProject
Global
	GlobalSection(SolutionConfigurationPlatforms) = preSolution
		Debug|Any CPU = Debug|Any CPU
		Debug|x64 = Debug|x64
		Debug|x86 = Debug|x86
		Release|Any CPU = Release|Any CPU
		Release|x64 = Release|x64
		Release|x86 = Release|x86
	EndGlobalSection
	GlobalSection(ProjectConfigurationPlatforms) = postSolution
		{B568C72B-A084-44A1-BDFA-D7249FF03E0F}.Debug|Any CPU.ActiveCfg = Debug|Any CPU
		{B568C72B-A084-44A1-BDFA-D7249FF03E0F}.Debug|Any CPU.Build.0 = Debug|Any CPU
		{B568C72B-A084-44A1-BDFA-D7249FF03E0F}.Debug|x64.ActiveCfg = Debug|Any CPU
		{B568C72B-A084-44A1-BDFA-D7249FF03E0F}.Debug|x64.Build.0 = Debug|Any CPU
		{B568C72B-A084-44A1-BDFA-D7249FF03E0F}.Debug|x86.ActiveCfg = Debug|Any CPU
		{B568C72B-A084-44A1-BDFA-D7249FF03E0F}.Debug|x86.Build.0 = Debug|Any CPU
		{B568C72B-A084-44A1-BDFA-D7249FF03E0F}.Release|Any CPU.ActiveCfg = Release|Any CPU
		{B568C72B-A084-44A1-BDFA-D7249FF03E0F}.Release|Any CPU.Build.0 = Release|Any CPU
		{B568C72B-A084-44A1-BDFA-D7249FF03E0F}.Release|x64.ActiveCfg = Release|Any CPU
		{B568C72B-A084-44A1-BDFA-D7249FF03E0F}.Release|x64.Build.0 = Release|Any CPU
		{B568C72B-A084-44A1-BDFA-D7249FF03E0F}.Release|x86.ActiveCfg = Release|Any CPU
		{B568C72B-A084-44A1-BDFA-D7249FF03E0F}.Release|x86.Build.0 = Release|Any CPU
		{AE61AFA4-2596-4119-BCD5-DA2DECF05C25}.Debug|Any CPU.ActiveCfg = Debug|Any CPU
		{AE61AFA4-2596-4119-BCD5-DA2DECF05C25}.Debug|Any CPU.Build.0 = Debug|Any CPU
		{AE61AFA4-2596-4119-BCD5-DA2DECF05C25}.Debug|x64.ActiveCfg = Debug|Any CPU
		{AE61AFA4-2596-4119-BCD5-DA2DECF05C25}.Debug|x64.Build.0 = Debug|Any CPU
		{AE61AFA4-2596-4119-BCD5-DA2DECF05C25}.Debug|x86.ActiveCfg = Debug|Any CPU
		{AE61AFA4-2596-4119-BCD5-DA2DECF05C25}.Debug|x86.Build.0 = Debug|Any CPU
		{AE61AFA4-2596-4119-BCD5-DA2DECF05C25}.Release|Any CPU.ActiveCfg = Release|Any CPU
		{AE61AFA4-2596-4119-BCD5-DA2DECF05C25}.Release|Any CPU.Build.0 = Release|Any CPU
		{AE61AFA4-2596-4119-BCD5-DA2DECF05C25}.Release|x64.ActiveCfg = Release|Any CPU
		{AE61AFA4-2596-4119-BCD5-DA2DECF05C25}.Release|x64.Build.0 = Release|Any CPU
		{AE61AFA4-2596-4119-BCD5-DA2DECF05C25}.Release|x86.ActiveCfg = Release|Any CPU
		{AE61AFA4-2596-4119-BCD5-DA2DECF05C25}.Release|x86.Build.0 = Release|Any CPU
		{D5A3F57E-0C2B-4AD4-9F23-EC2E829DDE98}.Debug|Any CPU.ActiveCfg = Debug|Any CPU
		{D5A3F57E-0C2B-4AD4-9F23-EC2E829DDE98}.Debug|Any CPU.Build.0 = Debug|Any CPU
		{D5A3F57E-0C2B-4AD4-9F23-EC2E829DDE98}.Debug|x64.ActiveCfg = Debug|Any CPU
		{D5A3F57E-0C2B-4AD4-9F23-EC2E829DDE98}.Debug|x64.Build.0 = Debug|Any CPU
		{D5A3F57E-0C2B-4AD4-9F23-EC2E829DDE98}.Debug|x86.ActiveCfg = Debug|Any CPU
		{D5A3F57E-0C2B-4AD4-9F23-EC2E829DDE98}.Debug|x86.Build.0 = Debug|Any CPU
		{D5A3F57E-0C2B-4AD4-9F23-EC2E829DDE98}.Release|Any CPU.ActiveCfg = Release|Any CPU
		{D5A3F57E-0C2B-4AD4-9F23-EC2E829DDE98}.Release|Any CPU.Build.0 = Release|Any CPU
		{D5A3F57E-0C2B-4AD4-9F23-EC2E829DDE98}.Release|x64.ActiveCfg = Release|Any CPU
		{D5A3F57E-0C2B-4AD4-9F23-EC2E829DDE98}.Release|x64.Build.0 = Release|Any CPU
		{D5A3F57E-0C2B-4AD4-9F23-EC2E829DDE98}.Release|x86.ActiveCfg = Release|Any CPU
		{D5A3F57E-0C2B-4AD4-9F23-EC2E829DDE98}.Release|x86.Build.0 = Release|Any CPU
		{17E68511-B65F-481B-B23B-CB42FA34B246}.Debug|Any CPU.ActiveCfg = Debug|Any CPU
		{17E68511-B65F-481B-B23B-CB42FA34B246}.Debug|Any CPU.Build.0 = Debug|Any CPU
		{17E68511-B65F-481B-B23B-CB42FA34B246}.Debug|x64.ActiveCfg = Debug|Any CPU
		{17E68511-B65F-481B-B23B-CB42FA34B246}.Debug|x64.Build.0 = Debug|Any CPU
		{17E68511-B65F-481B-B23B-CB42FA34B246}.Debug|x86.ActiveCfg = Debug|Any CPU
		{17E68511-B65F-481B-B23B-CB42FA34B246}.Debug|x86.Build.0 = Debug|Any CPU
		{17E68511-B65F-481B-B23B-CB42FA34B246}.Release|Any CPU.ActiveCfg = Release|Any CPU
		{17E68511-B65F-481B-B23B-CB42FA34B246}.Release|Any CPU.Build.0 = Release|Any CPU
		{17E68511-B65F-481B-B23B-CB42FA34B246}.Release|x64.ActiveCfg = Release|Any CPU
		{17E68511-B65F-481B-B23B-CB42FA34B246}.Release|x64.Build.0 = Release|Any CPU
		{17E68511-B65F-481B-B23B-CB42FA34B246}.Release|x86.ActiveCfg = Release|Any CPU
		{17E68511-B65F-481B-B23B-CB42FA34B246}.Release|x86.Build.0 = Release|Any CPU
		{D670B9AE-C395-4961-9159-0ACBD882B16F}.Debug|Any CPU.ActiveCfg = Debug|Any CPU
		{D670B9AE-C395-4961-9159-0ACBD882B16F}.Debug|Any CPU.Build.0 = Debug|Any CPU
		{D670B9AE-C395-4961-9159-0ACBD882B16F}.Debug|x64.ActiveCfg = Debug|Any CPU
		{D670B9AE-C395-4961-9159-0ACBD882B16F}.Debug|x64.Build.0 = Debug|Any CPU
		{D670B9AE-C395-4961-9159-0ACBD882B16F}.Debug|x86.ActiveCfg = Debug|Any CPU
		{D670B9AE-C395-4961-9159-0ACBD882B16F}.Debug|x86.Build.0 = Debug|Any CPU
		{D670B9AE-C395-4961-9159-0ACBD882B16F}.Release|Any CPU.ActiveCfg = Release|Any CPU
		{D670B9AE-C395-4961-9159-0ACBD882B16F}.Release|Any CPU.Build.0 = Release|Any CPU
		{D670B9AE-C395-4961-9159-0ACBD882B16F}.Release|x64.ActiveCfg = Release|Any CPU
		{D670B9AE-C395-4961-9159-0ACBD882B16F}.Release|x64.Build.0 = Release|Any CPU
		{D670B9AE-C395-4961-9159-0ACBD882B16F}.Release|x86.ActiveCfg = Release|Any CPU
		{D670B9AE-C395-4961-9159-0ACBD882B16F}.Release|x86.Build.0 = Release|Any CPU
		{51E02B6B-7AFA-4E6D-8E3F-0BA96A9A0849}.Debug|Any CPU.ActiveCfg = Debug|Any CPU
		{51E02B6B-7AFA-4E6D-8E3F-0BA96A9A0849}.Debug|Any CPU.Build.0 = Debug|Any CPU
		{51E02B6B-7AFA-4E6D-8E3F-0BA96A9A0849}.Debug|x64.ActiveCfg = Debug|Any CPU
		{51E02B6B-7AFA-4E6D-8E3F-0BA96A9A0849}.Debug|x64.Build.0 = Debug|Any CPU
		{51E02B6B-7AFA-4E6D-8E3F-0BA96A9A0849}.Debug|x86.ActiveCfg = Debug|Any CPU
		{51E02B6B-7AFA-4E6D-8E3F-0BA96A9A0849}.Debug|x86.Build.0 = Debug|Any CPU
		{51E02B6B-7AFA-4E6D-8E3F-0BA96A9A0849}.Release|Any CPU.ActiveCfg = Release|Any CPU
		{51E02B6B-7AFA-4E6D-8E3F-0BA96A9A0849}.Release|Any CPU.Build.0 = Release|Any CPU
		{51E02B6B-7AFA-4E6D-8E3F-0BA96A9A0849}.Release|x64.ActiveCfg = Release|Any CPU
		{51E02B6B-7AFA-4E6D-8E3F-0BA96A9A0849}.Release|x64.Build.0 = Release|Any CPU
		{51E02B6B-7AFA-4E6D-8E3F-0BA96A9A0849}.Release|x86.ActiveCfg = Release|Any CPU
		{51E02B6B-7AFA-4E6D-8E3F-0BA96A9A0849}.Release|x86.Build.0 = Release|Any CPU
		{65A054F4-4D08-4B75-8638-BEF98B2648BE}.Debug|Any CPU.ActiveCfg = Debug|Any CPU
		{65A054F4-4D08-4B75-8638-BEF98B2648BE}.Debug|Any CPU.Build.0 = Debug|Any CPU
		{65A054F4-4D08-4B75-8638-BEF98B2648BE}.Debug|x64.ActiveCfg = Debug|Any CPU
		{65A054F4-4D08-4B75-8638-BEF98B2648BE}.Debug|x64.Build.0 = Debug|Any CPU
		{65A054F4-4D08-4B75-8638-BEF98B2648BE}.Debug|x86.ActiveCfg = Debug|Any CPU
		{65A054F4-4D08-4B75-8638-BEF98B2648BE}.Debug|x86.Build.0 = Debug|Any CPU
		{65A054F4-4D08-4B75-8638-BEF98B2648BE}.Release|Any CPU.ActiveCfg = Release|Any CPU
		{65A054F4-4D08-4B75-8638-BEF98B2648BE}.Release|Any CPU.Build.0 = Release|Any CPU
		{65A054F4-4D08-4B75-8638-BEF98B2648BE}.Release|x64.ActiveCfg = Release|Any CPU
		{65A054F4-4D08-4B75-8638-BEF98B2648BE}.Release|x64.Build.0 = Release|Any CPU
		{65A054F4-4D08-4B75-8638-BEF98B2648BE}.Release|x86.ActiveCfg = Release|Any CPU
		{65A054F4-4D08-4B75-8638-BEF98B2648BE}.Release|x86.Build.0 = Release|Any CPU
		{20C1CC61-AC04-48AC-A178-650925EDBD08}.Debug|Any CPU.ActiveCfg = Debug|Any CPU
		{20C1CC61-AC04-48AC-A178-650925EDBD08}.Debug|Any CPU.Build.0 = Debug|Any CPU
		{20C1CC61-AC04-48AC-A178-650925EDBD08}.Debug|x64.ActiveCfg = Debug|Any CPU
		{20C1CC61-AC04-48AC-A178-650925EDBD08}.Debug|x64.Build.0 = Debug|Any CPU
		{20C1CC61-AC04-48AC-A178-650925EDBD08}.Debug|x86.ActiveCfg = Debug|Any CPU
		{20C1CC61-AC04-48AC-A178-650925EDBD08}.Debug|x86.Build.0 = Debug|Any CPU
		{20C1CC61-AC04-48AC-A178-650925EDBD08}.Release|Any CPU.ActiveCfg = Release|Any CPU
		{20C1CC61-AC04-48AC-A178-650925EDBD08}.Release|Any CPU.Build.0 = Release|Any CPU
		{20C1CC61-AC04-48AC-A178-650925EDBD08}.Release|x64.ActiveCfg = Release|Any CPU
		{20C1CC61-AC04-48AC-A178-650925EDBD08}.Release|x64.Build.0 = Release|Any CPU
		{20C1CC61-AC04-48AC-A178-650925EDBD08}.Release|x86.ActiveCfg = Release|Any CPU
		{20C1CC61-AC04-48AC-A178-650925EDBD08}.Release|x86.Build.0 = Release|Any CPU
		{6676CC2C-C2FF-4297-9048-97B6EC845701}.Debug|Any CPU.ActiveCfg = Debug|Any CPU
		{6676CC2C-C2FF-4297-9048-97B6EC845701}.Debug|Any CPU.Build.0 = Debug|Any CPU
		{6676CC2C-C2FF-4297-9048-97B6EC845701}.Debug|x64.ActiveCfg = Debug|Any CPU
		{6676CC2C-C2FF-4297-9048-97B6EC845701}.Debug|x64.Build.0 = Debug|Any CPU
		{6676CC2C-C2FF-4297-9048-97B6EC845701}.Debug|x86.ActiveCfg = Debug|Any CPU
		{6676CC2C-C2FF-4297-9048-97B6EC845701}.Debug|x86.Build.0 = Debug|Any CPU
		{6676CC2C-C2FF-4297-9048-97B6EC845701}.Release|Any CPU.ActiveCfg = Release|Any CPU
		{6676CC2C-C2FF-4297-9048-97B6EC845701}.Release|Any CPU.Build.0 = Release|Any CPU
		{6676CC2C-C2FF-4297-9048-97B6EC845701}.Release|x64.ActiveCfg = Release|Any CPU
		{6676CC2C-C2FF-4297-9048-97B6EC845701}.Release|x64.Build.0 = Release|Any CPU
		{6676CC2C-C2FF-4297-9048-97B6EC845701}.Release|x86.ActiveCfg = Release|Any CPU
		{6676CC2C-C2FF-4297-9048-97B6EC845701}.Release|x86.Build.0 = Release|Any CPU
		{39C921DF-AFF4-4819-BAA3-2C7406104FFC}.Debug|Any CPU.ActiveCfg = Debug|Any CPU
		{39C921DF-AFF4-4819-BAA3-2C7406104FFC}.Debug|Any CPU.Build.0 = Debug|Any CPU
		{39C921DF-AFF4-4819-BAA3-2C7406104FFC}.Debug|x64.ActiveCfg = Debug|Any CPU
		{39C921DF-AFF4-4819-BAA3-2C7406104FFC}.Debug|x64.Build.0 = Debug|Any CPU
		{39C921DF-AFF4-4819-BAA3-2C7406104FFC}.Debug|x86.ActiveCfg = Debug|Any CPU
		{39C921DF-AFF4-4819-BAA3-2C7406104FFC}.Debug|x86.Build.0 = Debug|Any CPU
		{39C921DF-AFF4-4819-BAA3-2C7406104FFC}.Release|Any CPU.ActiveCfg = Release|Any CPU
		{39C921DF-AFF4-4819-BAA3-2C7406104FFC}.Release|Any CPU.Build.0 = Release|Any CPU
		{39C921DF-AFF4-4819-BAA3-2C7406104FFC}.Release|x64.ActiveCfg = Release|Any CPU
		{39C921DF-AFF4-4819-BAA3-2C7406104FFC}.Release|x64.Build.0 = Release|Any CPU
		{39C921DF-AFF4-4819-BAA3-2C7406104FFC}.Release|x86.ActiveCfg = Release|Any CPU
		{39C921DF-AFF4-4819-BAA3-2C7406104FFC}.Release|x86.Build.0 = Release|Any CPU
		{3A71BB7B-DB15-41D8-91C2-6353BC263AB5}.Debug|Any CPU.ActiveCfg = Debug|Any CPU
		{3A71BB7B-DB15-41D8-91C2-6353BC263AB5}.Debug|Any CPU.Build.0 = Debug|Any CPU
		{3A71BB7B-DB15-41D8-91C2-6353BC263AB5}.Debug|x64.ActiveCfg = Debug|Any CPU
		{3A71BB7B-DB15-41D8-91C2-6353BC263AB5}.Debug|x64.Build.0 = Debug|Any CPU
		{3A71BB7B-DB15-41D8-91C2-6353BC263AB5}.Debug|x86.ActiveCfg = Debug|Any CPU
		{3A71BB7B-DB15-41D8-91C2-6353BC263AB5}.Debug|x86.Build.0 = Debug|Any CPU
		{3A71BB7B-DB15-41D8-91C2-6353BC263AB5}.Release|Any CPU.ActiveCfg = Release|Any CPU
		{3A71BB7B-DB15-41D8-91C2-6353BC263AB5}.Release|Any CPU.Build.0 = Release|Any CPU
		{3A71BB7B-DB15-41D8-91C2-6353BC263AB5}.Release|x64.ActiveCfg = Release|Any CPU
		{3A71BB7B-DB15-41D8-91C2-6353BC263AB5}.Release|x64.Build.0 = Release|Any CPU
		{3A71BB7B-DB15-41D8-91C2-6353BC263AB5}.Release|x86.ActiveCfg = Release|Any CPU
		{3A71BB7B-DB15-41D8-91C2-6353BC263AB5}.Release|x86.Build.0 = Release|Any CPU
	EndGlobalSection
	GlobalSection(SolutionProperties) = preSolution
		HideSolutionNode = FALSE
	EndGlobalSection
	GlobalSection(NestedProjects) = preSolution
		{B568C72B-A084-44A1-BDFA-D7249FF03E0F} = {827E0CD3-B72D-47B6-A68D-7590B98EB39B}
		{00B59D96-ED68-C920-9F91-B6B8B1FC5EF2} = {827E0CD3-B72D-47B6-A68D-7590B98EB39B}
		{AE61AFA4-2596-4119-BCD5-DA2DECF05C25} = {00B59D96-ED68-C920-9F91-B6B8B1FC5EF2}
		{D5A3F57E-0C2B-4AD4-9F23-EC2E829DDE98} = {00B59D96-ED68-C920-9F91-B6B8B1FC5EF2}
		{17E68511-B65F-481B-B23B-CB42FA34B246} = {00B59D96-ED68-C920-9F91-B6B8B1FC5EF2}
		{D670B9AE-C395-4961-9159-0ACBD882B16F} = {00B59D96-ED68-C920-9F91-B6B8B1FC5EF2}
		{51E02B6B-7AFA-4E6D-8E3F-0BA96A9A0849} = {00B59D96-ED68-C920-9F91-B6B8B1FC5EF2}
		{AB5423A1-A6B0-9B1F-3B04-E4A88DF9495D} = {827E0CD3-B72D-47B6-A68D-7590B98EB39B}
		{65A054F4-4D08-4B75-8638-BEF98B2648BE} = {AB5423A1-A6B0-9B1F-3B04-E4A88DF9495D}
		{20C1CC61-AC04-48AC-A178-650925EDBD08} = {AB5423A1-A6B0-9B1F-3B04-E4A88DF9495D}
		{6676CC2C-C2FF-4297-9048-97B6EC845701} = {AB5423A1-A6B0-9B1F-3B04-E4A88DF9495D}
		{39C921DF-AFF4-4819-BAA3-2C7406104FFC} = {AB5423A1-A6B0-9B1F-3B04-E4A88DF9495D}
		{3A71BB7B-DB15-41D8-91C2-6353BC263AB5} = {AB5423A1-A6B0-9B1F-3B04-E4A88DF9495D}
	EndGlobalSection
EndGlobal
